
Microsoft Visual Studio Solution File, Format Version 12.00
# Visual Studio Version 16
VisualStudioVersion = 16.0.29728.190
MinimumVisualStudioVersion = 10.0.40219.1
Project("{FAE04EC0-301F-11D3-BF4B-00C04F79EFBC}") = "Practical_1", "Practical_1\Practical_1.csproj", "{7241C61C-08AE-4544-BBFE-8130B2848DE8}"
EndProject
Project("{FAE04EC0-301F-11D3-BF4B-00C04F79EFBC}") = "Practical2", "Practical2\Practical2.csproj", "{10F54540-88C3-4784-8075-FC4416F2F8ED}"
EndProject
Project("{FAE04EC0-301F-11D3-BF4B-00C04F79EFBC}") = "Practical4", "Practical4\Practical4.csproj", "{62025BE6-EC0B-40DE-8134-6338B55E39A0}"
EndProject
Project("{FAE04EC0-301F-11D3-BF4B-00C04F79EFBC}") = "Practical3", "Practical3\Practical3.csproj", "{FC13339E-E15A-4838-9883-D6CFAB03FA84}"
EndProject
Project("{FAE04EC0-301F-11D3-BF4B-00C04F79EFBC}") = "Inheritance", "Inheritance\Inheritance.csproj", "{C4C3DD36-321D-4CBA-BE71-7A81085AEF34}"
EndProject
Project("{FAE04EC0-301F-11D3-BF4B-00C04F79EFBC}") = "Practical_5", "Practical_5\Practical_5.csproj", "{65510A7C-9AED-4BA1-9991-5E54B7907DAE}"
EndProject
Global
	GlobalSection(SolutionConfigurationPlatforms) = preSolution
		Debug|Any CPU = Debug|Any CPU
		Debug|x86 = Debug|x86
		Release|Any CPU = Release|Any CPU
		Release|x86 = Release|x86
	EndGlobalSection
	GlobalSection(ProjectConfigurationPlatforms) = postSolution
		{7241C61C-08AE-4544-BBFE-8130B2848DE8}.Debug|Any CPU.ActiveCfg = Debug|x86
		{7241C61C-08AE-4544-BBFE-8130B2848DE8}.Debug|x86.ActiveCfg = Debug|x86
		{7241C61C-08AE-4544-BBFE-8130B2848DE8}.Debug|x86.Build.0 = Debug|x86
		{7241C61C-08AE-4544-BBFE-8130B2848DE8}.Release|Any CPU.ActiveCfg = Release|x86
		{7241C61C-08AE-4544-BBFE-8130B2848DE8}.Release|x86.ActiveCfg = Release|x86
		{7241C61C-08AE-4544-BBFE-8130B2848DE8}.Release|x86.Build.0 = Release|x86
		{10F54540-88C3-4784-8075-FC4416F2F8ED}.Debug|Any CPU.ActiveCfg = Debug|x86
		{10F54540-88C3-4784-8075-FC4416F2F8ED}.Debug|x86.ActiveCfg = Debug|x86
		{10F54540-88C3-4784-8075-FC4416F2F8ED}.Debug|x86.Build.0 = Debug|x86
		{10F54540-88C3-4784-8075-FC4416F2F8ED}.Release|Any CPU.ActiveCfg = Release|x86
		{10F54540-88C3-4784-8075-FC4416F2F8ED}.Release|x86.ActiveCfg = Release|x86
		{10F54540-88C3-4784-8075-FC4416F2F8ED}.Release|x86.Build.0 = Release|x86
		{62025BE6-EC0B-40DE-8134-6338B55E39A0}.Debug|Any CPU.ActiveCfg = Debug|Any CPU
		{62025BE6-EC0B-40DE-8134-6338B55E39A0}.Debug|Any CPU.Build.0 = Debug|Any CPU
		{62025BE6-EC0B-40DE-8134-6338B55E39A0}.Debug|x86.ActiveCfg = Debug|Any CPU
		{62025BE6-EC0B-40DE-8134-6338B55E39A0}.Debug|x86.Build.0 = Debug|Any CPU
		{62025BE6-EC0B-40DE-8134-6338B55E39A0}.Release|Any CPU.ActiveCfg = Release|Any CPU
		{62025BE6-EC0B-40DE-8134-6338B55E39A0}.Release|Any CPU.Build.0 = Release|Any CPU
		{62025BE6-EC0B-40DE-8134-6338B55E39A0}.Release|x86.ActiveCfg = Release|Any CPU
		{62025BE6-EC0B-40DE-8134-6338B55E39A0}.Release|x86.Build.0 = Release|Any CPU
		{FC13339E-E15A-4838-9883-D6CFAB03FA84}.Debug|Any CPU.ActiveCfg = Debug|Any CPU
		{FC13339E-E15A-4838-9883-D6CFAB03FA84}.Debug|Any CPU.Build.0 = Debug|Any CPU
		{FC13339E-E15A-4838-9883-D6CFAB03FA84}.Debug|x86.ActiveCfg = Debug|Any CPU
		{FC13339E-E15A-4838-9883-D6CFAB03FA84}.Debug|x86.Build.0 = Debug|Any CPU
		{FC13339E-E15A-4838-9883-D6CFAB03FA84}.Release|Any CPU.ActiveCfg = Release|Any CPU
		{FC13339E-E15A-4838-9883-D6CFAB03FA84}.Release|Any CPU.Build.0 = Release|Any CPU
		{FC13339E-E15A-4838-9883-D6CFAB03FA84}.Release|x86.ActiveCfg = Release|Any CPU
		{FC13339E-E15A-4838-9883-D6CFAB03FA84}.Release|x86.Build.0 = Release|Any CPU
		{C4C3DD36-321D-4CBA-BE71-7A81085AEF34}.Debug|Any CPU.ActiveCfg = Debug|Any CPU
		{C4C3DD36-321D-4CBA-BE71-7A81085AEF34}.Debug|Any CPU.Build.0 = Debug|Any CPU
		{C4C3DD36-321D-4CBA-BE71-7A81085AEF34}.Debug|x86.ActiveCfg = Debug|Any CPU
		{C4C3DD36-321D-4CBA-BE71-7A81085AEF34}.Debug|x86.Build.0 = Debug|Any CPU
		{C4C3DD36-321D-4CBA-BE71-7A81085AEF34}.Release|Any CPU.ActiveCfg = Release|Any CPU
		{C4C3DD36-321D-4CBA-BE71-7A81085AEF34}.Release|Any CPU.Build.0 = Release|Any CPU
		{C4C3DD36-321D-4CBA-BE71-7A81085AEF34}.Release|x86.ActiveCfg = Release|Any CPU
		{C4C3DD36-321D-4CBA-BE71-7A81085AEF34}.Release|x86.Build.0 = Release|Any CPU
		{65510A7C-9AED-4BA1-9991-5E54B7907DAE}.Debug|Any CPU.ActiveCfg = Debug|Any CPU
		{65510A7C-9AED-4BA1-9991-5E54B7907DAE}.Debug|Any CPU.Build.0 = Debug|Any CPU
		{65510A7C-9AED-4BA1-9991-5E54B7907DAE}.Debug|x86.ActiveCfg = Debug|Any CPU
		{65510A7C-9AED-4BA1-9991-5E54B7907DAE}.Debug|x86.Build.0 = Debug|Any CPU
		{65510A7C-9AED-4BA1-9991-5E54B7907DAE}.Release|Any CPU.ActiveCfg = Release|Any CPU
		{65510A7C-9AED-4BA1-9991-5E54B7907DAE}.Release|Any CPU.Build.0 = Release|Any CPU
		{65510A7C-9AED-4BA1-9991-5E54B7907DAE}.Release|x86.ActiveCfg = Release|Any CPU
		{65510A7C-9AED-4BA1-9991-5E54B7907DAE}.Release|x86.Build.0 = Release|Any CPU
	EndGlobalSection
	GlobalSection(SolutionProperties) = preSolution
		HideSolutionNode = FALSE
	EndGlobalSection
	GlobalSection(ExtensibilityGlobals) = postSolution
		SolutionGuid = {5FAEF219-0407-4899-8E29-C232DA6961C1}
	EndGlobalSection
EndGlobal
